
Microsoft Visual Studio Solution File, Format Version 12.00
# Visual Studio Version 17
VisualStudioVersion = 17.12.35527.113 d17.12
MinimumVisualStudioVersion = 10.0.40219.1
Project("{FAE04EC0-301F-11D3-BF4B-00C04F79EFBC}") = "BookNest", "BookNest.csproj", "{832EAD3C-1A76-4B72-92D7-58FAE6A7A39E}"
EndProject
Global
	GlobalSection(SolutionConfigurationPlatforms) = preSolution
		Debug|Any CPU = Debug|Any CPU
		Release|Any CPU = Release|Any CPU
	EndGlobalSection
	GlobalSection(ProjectConfigurationPlatforms) = postSolution
		{832EAD3C-1A76-4B72-92D7-58FAE6A7A39E}.Debug|Any CPU.ActiveCfg = Debug|Any CPU
		{832EAD3C-1A76-4B72-92D7-58FAE6A7A39E}.Debug|Any CPU.Build.0 = Debug|Any CPU
		{832EAD3C-1A76-4B72-92D7-58FAE6A7A39E}.Release|Any CPU.ActiveCfg = Release|Any CPU
		{832EAD3C-1A76-4B72-92D7-58FAE6A7A39E}.Release|Any CPU.Build.0 = Release|Any CPU
	EndGlobalSection
	GlobalSection(SolutionProperties) = preSolution
		HideSolutionNode = FALSE
	EndGlobalSection
EndGlobal
